
Microsoft Visual Studio Solution File, Format Version 12.00
# Visual Studio Version 16
VisualStudioVersion = 16.0.29905.134
MinimumVisualStudioVersion = 10.0.40219.1
Project("{8BC9CEB8-8B4A-11D0-8D11-00A0C91BC942}") = "MergeLists", "MergeLists\MergeLists.vcxproj", "{69AA29EB-0014-4911-A71E-6892210E986F}"
EndProject
Global
	GlobalSection(SolutionConfigurationPlatforms) = preSolution
		Debug|x64 = Debug|x64
		Debug|x86 = Debug|x86
		Release|x64 = Release|x64
		Release|x86 = Release|x86
	EndGlobalSection
	GlobalSection(ProjectConfigurationPlatforms) = postSolution
		{69AA29EB-0014-4911-A71E-6892210E986F}.Debug|x64.ActiveCfg = Debug|x64
		{69AA29EB-0014-4911-A71E-6892210E986F}.Debug|x64.Build.0 = Debug|x64
		{69AA29EB-0014-4911-A71E-6892210E986F}.Debug|x86.ActiveCfg = Debug|Win32
		{69AA29EB-0014-4911-A71E-6892210E986F}.Debug|x86.Build.0 = Debug|Win32
		{69AA29EB-0014-4911-A71E-6892210E986F}.Release|x64.ActiveCfg = Release|x64
		{69AA29EB-0014-4911-A71E-6892210E986F}.Release|x64.Build.0 = Release|x64
		{69AA29EB-0014-4911-A71E-6892210E986F}.Release|x86.ActiveCfg = Release|Win32
		{69AA29EB-0014-4911-A71E-6892210E986F}.Release|x86.Build.0 = Release|Win32
	EndGlobalSection
	GlobalSection(SolutionProperties) = preSolution
		HideSolutionNode = FALSE
	EndGlobalSection
	GlobalSection(ExtensibilityGlobals) = postSolution
		SolutionGuid = {24A43211-9119-4EE1-B77F-0CDF2D43F730}
	EndGlobalSection
EndGlobal
