
Microsoft Visual Studio Solution File, Format Version 12.00
# Visual Studio Version 16
VisualStudioVersion = 16.0.29728.190
MinimumVisualStudioVersion = 10.0.40219.1
Project("{8BC9CEB8-8B4A-11D0-8D11-00A0C91BC942}") = "IncreasingOrderTree", "IncreasingOrderTree\IncreasingOrderTree.vcxproj", "{0039CD86-6D5F-4092-8242-18B9117BDC6D}"
EndProject
Global
	GlobalSection(SolutionConfigurationPlatforms) = preSolution
		Debug|x64 = Debug|x64
		Debug|x86 = Debug|x86
		Release|x64 = Release|x64
		Release|x86 = Release|x86
	EndGlobalSection
	GlobalSection(ProjectConfigurationPlatforms) = postSolution
		{0039CD86-6D5F-4092-8242-18B9117BDC6D}.Debug|x64.ActiveCfg = Debug|x64
		{0039CD86-6D5F-4092-8242-18B9117BDC6D}.Debug|x64.Build.0 = Debug|x64
		{0039CD86-6D5F-4092-8242-18B9117BDC6D}.Debug|x86.ActiveCfg = Debug|Win32
		{0039CD86-6D5F-4092-8242-18B9117BDC6D}.Debug|x86.Build.0 = Debug|Win32
		{0039CD86-6D5F-4092-8242-18B9117BDC6D}.Release|x64.ActiveCfg = Release|x64
		{0039CD86-6D5F-4092-8242-18B9117BDC6D}.Release|x64.Build.0 = Release|x64
		{0039CD86-6D5F-4092-8242-18B9117BDC6D}.Release|x86.ActiveCfg = Release|Win32
		{0039CD86-6D5F-4092-8242-18B9117BDC6D}.Release|x86.Build.0 = Release|Win32
	EndGlobalSection
	GlobalSection(SolutionProperties) = preSolution
		HideSolutionNode = FALSE
	EndGlobalSection
	GlobalSection(ExtensibilityGlobals) = postSolution
		SolutionGuid = {44F514E0-CAE4-4C1B-8DD0-64EF186BC208}
	EndGlobalSection
EndGlobal
