
Microsoft Visual Studio Solution File, Format Version 12.00
# Visual Studio Version 16
VisualStudioVersion = 16.0.30011.22
MinimumVisualStudioVersion = 10.0.40219.1
Project("{8BC9CEB8-8B4A-11D0-8D11-00A0C91BC942}") = "StringFrequency", "StringFrequency\StringFrequency.vcxproj", "{1271B107-46AA-43F3-8113-DB5ACE9FB584}"
EndProject
Global
	GlobalSection(SolutionConfigurationPlatforms) = preSolution
		Debug|x64 = Debug|x64
		Debug|x86 = Debug|x86
		Release|x64 = Release|x64
		Release|x86 = Release|x86
	EndGlobalSection
	GlobalSection(ProjectConfigurationPlatforms) = postSolution
		{1271B107-46AA-43F3-8113-DB5ACE9FB584}.Debug|x64.ActiveCfg = Debug|x64
		{1271B107-46AA-43F3-8113-DB5ACE9FB584}.Debug|x64.Build.0 = Debug|x64
		{1271B107-46AA-43F3-8113-DB5ACE9FB584}.Debug|x86.ActiveCfg = Debug|Win32
		{1271B107-46AA-43F3-8113-DB5ACE9FB584}.Debug|x86.Build.0 = Debug|Win32
		{1271B107-46AA-43F3-8113-DB5ACE9FB584}.Release|x64.ActiveCfg = Release|x64
		{1271B107-46AA-43F3-8113-DB5ACE9FB584}.Release|x64.Build.0 = Release|x64
		{1271B107-46AA-43F3-8113-DB5ACE9FB584}.Release|x86.ActiveCfg = Release|Win32
		{1271B107-46AA-43F3-8113-DB5ACE9FB584}.Release|x86.Build.0 = Release|Win32
	EndGlobalSection
	GlobalSection(SolutionProperties) = preSolution
		HideSolutionNode = FALSE
	EndGlobalSection
	GlobalSection(ExtensibilityGlobals) = postSolution
		SolutionGuid = {032C900C-7EAC-48B6-9E5E-52A1BE432293}
	EndGlobalSection
EndGlobal
