
Microsoft Visual Studio Solution File, Format Version 12.00
# Visual Studio Version 16
VisualStudioVersion = 16.0.29709.97
MinimumVisualStudioVersion = 10.0.40219.1
Project("{8BC9CEB8-8B4A-11D0-8D11-00A0C91BC942}") = "RunLengthEncoding", "RunLengthEncoding\RunLengthEncoding.vcxproj", "{3531EAA1-630C-4D52-B63F-3567FF02DAF2}"
EndProject
Global
	GlobalSection(SolutionConfigurationPlatforms) = preSolution
		Debug|x64 = Debug|x64
		Debug|x86 = Debug|x86
		Release|x64 = Release|x64
		Release|x86 = Release|x86
	EndGlobalSection
	GlobalSection(ProjectConfigurationPlatforms) = postSolution
		{3531EAA1-630C-4D52-B63F-3567FF02DAF2}.Debug|x64.ActiveCfg = Debug|x64
		{3531EAA1-630C-4D52-B63F-3567FF02DAF2}.Debug|x64.Build.0 = Debug|x64
		{3531EAA1-630C-4D52-B63F-3567FF02DAF2}.Debug|x86.ActiveCfg = Debug|Win32
		{3531EAA1-630C-4D52-B63F-3567FF02DAF2}.Debug|x86.Build.0 = Debug|Win32
		{3531EAA1-630C-4D52-B63F-3567FF02DAF2}.Release|x64.ActiveCfg = Release|x64
		{3531EAA1-630C-4D52-B63F-3567FF02DAF2}.Release|x64.Build.0 = Release|x64
		{3531EAA1-630C-4D52-B63F-3567FF02DAF2}.Release|x86.ActiveCfg = Release|Win32
		{3531EAA1-630C-4D52-B63F-3567FF02DAF2}.Release|x86.Build.0 = Release|Win32
	EndGlobalSection
	GlobalSection(SolutionProperties) = preSolution
		HideSolutionNode = FALSE
	EndGlobalSection
	GlobalSection(ExtensibilityGlobals) = postSolution
		SolutionGuid = {BA51EEDF-BD07-4F38-BC47-5BDC1521EE28}
	EndGlobalSection
EndGlobal
