
Microsoft Visual Studio Solution File, Format Version 12.00
# Visual Studio Version 16
VisualStudioVersion = 16.0.29613.14
MinimumVisualStudioVersion = 10.0.40219.1
Project("{8BC9CEB8-8B4A-11D0-8D11-00A0C91BC942}") = "NAryTreeTraversal", "NAryTreeTraversal\NAryTreeTraversal.vcxproj", "{3220A93B-4DA1-420D-BFA3-07112D09F720}"
EndProject
Global
	GlobalSection(SolutionConfigurationPlatforms) = preSolution
		Debug|x64 = Debug|x64
		Debug|x86 = Debug|x86
		Release|x64 = Release|x64
		Release|x86 = Release|x86
	EndGlobalSection
	GlobalSection(ProjectConfigurationPlatforms) = postSolution
		{3220A93B-4DA1-420D-BFA3-07112D09F720}.Debug|x64.ActiveCfg = Debug|x64
		{3220A93B-4DA1-420D-BFA3-07112D09F720}.Debug|x64.Build.0 = Debug|x64
		{3220A93B-4DA1-420D-BFA3-07112D09F720}.Debug|x86.ActiveCfg = Debug|Win32
		{3220A93B-4DA1-420D-BFA3-07112D09F720}.Debug|x86.Build.0 = Debug|Win32
		{3220A93B-4DA1-420D-BFA3-07112D09F720}.Release|x64.ActiveCfg = Release|x64
		{3220A93B-4DA1-420D-BFA3-07112D09F720}.Release|x64.Build.0 = Release|x64
		{3220A93B-4DA1-420D-BFA3-07112D09F720}.Release|x86.ActiveCfg = Release|Win32
		{3220A93B-4DA1-420D-BFA3-07112D09F720}.Release|x86.Build.0 = Release|Win32
	EndGlobalSection
	GlobalSection(SolutionProperties) = preSolution
		HideSolutionNode = FALSE
	EndGlobalSection
	GlobalSection(ExtensibilityGlobals) = postSolution
		SolutionGuid = {E0F1A4BA-E283-4C73-8851-B7A3BB0ADEF7}
	EndGlobalSection
EndGlobal
