
Microsoft Visual Studio Solution File, Format Version 12.00
# Visual Studio Version 16
VisualStudioVersion = 16.0.30002.166
MinimumVisualStudioVersion = 10.0.40219.1
Project("{8BC9CEB8-8B4A-11D0-8D11-00A0C91BC942}") = "TwoSumSortedArray", "TwoSumSortedArray\TwoSumSortedArray.vcxproj", "{B054C4FE-FE97-4204-A3AA-C9678596FF0F}"
EndProject
Global
	GlobalSection(SolutionConfigurationPlatforms) = preSolution
		Debug|x64 = Debug|x64
		Debug|x86 = Debug|x86
		Release|x64 = Release|x64
		Release|x86 = Release|x86
	EndGlobalSection
	GlobalSection(ProjectConfigurationPlatforms) = postSolution
		{B054C4FE-FE97-4204-A3AA-C9678596FF0F}.Debug|x64.ActiveCfg = Debug|x64
		{B054C4FE-FE97-4204-A3AA-C9678596FF0F}.Debug|x64.Build.0 = Debug|x64
		{B054C4FE-FE97-4204-A3AA-C9678596FF0F}.Debug|x86.ActiveCfg = Debug|Win32
		{B054C4FE-FE97-4204-A3AA-C9678596FF0F}.Debug|x86.Build.0 = Debug|Win32
		{B054C4FE-FE97-4204-A3AA-C9678596FF0F}.Release|x64.ActiveCfg = Release|x64
		{B054C4FE-FE97-4204-A3AA-C9678596FF0F}.Release|x64.Build.0 = Release|x64
		{B054C4FE-FE97-4204-A3AA-C9678596FF0F}.Release|x86.ActiveCfg = Release|Win32
		{B054C4FE-FE97-4204-A3AA-C9678596FF0F}.Release|x86.Build.0 = Release|Win32
	EndGlobalSection
	GlobalSection(SolutionProperties) = preSolution
		HideSolutionNode = FALSE
	EndGlobalSection
	GlobalSection(ExtensibilityGlobals) = postSolution
		SolutionGuid = {55B76788-F9A5-4F5C-A653-640F9460D17E}
	EndGlobalSection
EndGlobal
