
Microsoft Visual Studio Solution File, Format Version 12.00
# Visual Studio Version 16
VisualStudioVersion = 16.0.29613.14
MinimumVisualStudioVersion = 10.0.40219.1
Project("{8BC9CEB8-8B4A-11D0-8D11-00A0C91BC942}") = "FindDisappearedNum", "FindDisappearedNum\FindDisappearedNum.vcxproj", "{E2940415-04E6-4D4B-9897-7C0FBD6A7F0F}"
EndProject
Global
	GlobalSection(SolutionConfigurationPlatforms) = preSolution
		Debug|x64 = Debug|x64
		Debug|x86 = Debug|x86
		Release|x64 = Release|x64
		Release|x86 = Release|x86
	EndGlobalSection
	GlobalSection(ProjectConfigurationPlatforms) = postSolution
		{E2940415-04E6-4D4B-9897-7C0FBD6A7F0F}.Debug|x64.ActiveCfg = Debug|x64
		{E2940415-04E6-4D4B-9897-7C0FBD6A7F0F}.Debug|x64.Build.0 = Debug|x64
		{E2940415-04E6-4D4B-9897-7C0FBD6A7F0F}.Debug|x86.ActiveCfg = Debug|Win32
		{E2940415-04E6-4D4B-9897-7C0FBD6A7F0F}.Debug|x86.Build.0 = Debug|Win32
		{E2940415-04E6-4D4B-9897-7C0FBD6A7F0F}.Release|x64.ActiveCfg = Release|x64
		{E2940415-04E6-4D4B-9897-7C0FBD6A7F0F}.Release|x64.Build.0 = Release|x64
		{E2940415-04E6-4D4B-9897-7C0FBD6A7F0F}.Release|x86.ActiveCfg = Release|Win32
		{E2940415-04E6-4D4B-9897-7C0FBD6A7F0F}.Release|x86.Build.0 = Release|Win32
	EndGlobalSection
	GlobalSection(SolutionProperties) = preSolution
		HideSolutionNode = FALSE
	EndGlobalSection
	GlobalSection(ExtensibilityGlobals) = postSolution
		SolutionGuid = {E4A5AAE3-003F-474A-9F1C-996BBD46DDA9}
	EndGlobalSection
EndGlobal
